
Microsoft Visual Studio Solution File, Format Version 12.00
# Visual Studio Version 17
VisualStudioVersion = 17.9.34728.123
MinimumVisualStudioVersion = 10.0.40219.1
Project("{FAE04EC0-301F-11D3-BF4B-00C04F79EFBC}") = "ToggleBluetooth", "ToggleBluetooth.csproj", "{E0DB3572-6D26-49D9-8A4D-9C52A6F8A056}"
EndProject
Global
	GlobalSection(SolutionConfigurationPlatforms) = preSolution
		Debug|Any CPU = Debug|Any CPU
		Release|Any CPU = Release|Any CPU
	EndGlobalSection
	GlobalSection(ProjectConfigurationPlatforms) = postSolution
		{E0DB3572-6D26-49D9-8A4D-9C52A6F8A056}.Debug|Any CPU.ActiveCfg = Debug|Any CPU
		{E0DB3572-6D26-49D9-8A4D-9C52A6F8A056}.Debug|Any CPU.Build.0 = Debug|Any CPU
		{E0DB3572-6D26-49D9-8A4D-9C52A6F8A056}.Release|Any CPU.ActiveCfg = Release|Any CPU
		{E0DB3572-6D26-49D9-8A4D-9C52A6F8A056}.Release|Any CPU.Build.0 = Release|Any CPU
	EndGlobalSection
	GlobalSection(SolutionProperties) = preSolution
		HideSolutionNode = FALSE
	EndGlobalSection
	GlobalSection(ExtensibilityGlobals) = postSolution
		SolutionGuid = {61C3C1FD-9B8B-4D94-BADC-E6AE8FBDA76F}
	EndGlobalSection
EndGlobal
